{
    "_readme": [
        "This file locks the dependencies of your project to a known state",
        "Read more about it at http://getcomposer.org/doc/01-basic-usage.md#composer-lock-the-lock-file",
        "This file is @generated automatically"
    ],
    "hash": "6c2f095520657a8c8dc314f6aa4d7fc3",
    "packages": [
        {
            "name": "composer/installers",
            "version": "v1.0.18",
            "source": {
                "type": "git",
                "url": "https://github.com/composer/installers.git",
                "reference": "74fb0a7a1a23696d9c8cc2fba5903f6711cdd067"
            },
            "dist": {
                "type": "zip",
                "url": "https://api.github.com/repos/composer/installers/zipball/74fb0a7a1a23696d9c8cc2fba5903f6711cdd067",
                "reference": "74fb0a7a1a23696d9c8cc2fba5903f6711cdd067",
                "shasum": ""
            },
            "replace": {
                "roundcube/plugin-installer": "*",
                "shama/baton": "*"
            },
            "require-dev": {
                "composer/composer": "1.0.*@dev",
                "phpunit/phpunit": "4.1.*"
            },
            "type": "composer-installer",
            "extra": {
                "class": "Composer\\Installers\\Installer",
                "branch-alias": {
                    "dev-master": "1.0-dev"
                }
            },
            "autoload": {
                "psr-0": {
                    "Composer\\Installers\\": "src/"
                }
            },
            "notification-url": "https://packagist.org/downloads/",
            "license": [
                "MIT"
            ],
            "authors": [
                {
                    "name": "Kyle Robinson Young",
                    "email": "kyle@dontkry.com",
                    "homepage": "https://github.com/shama"
                }
            ],
            "description": "A multi-framework Composer library installer",
            "homepage": "http://composer.github.com/installers/",
            "keywords": [
                "Craft",
                "Dolibarr",
                "Hurad",
                "MODX Evo",
                "OXID",
                "WolfCMS",
                "agl",
                "annotatecms",
                "bitrix",
                "cakephp",
                "chef",
                "codeigniter",
                "concrete5",
                "croogo",
                "drupal",
                "elgg",
                "fuelphp",
                "installer",
                "joomla",
                "kohana",
                "laravel",
                "lithium",
                "magento",
                "mako",
                "mediawiki",
                "modulework",
                "moodle",
                "phpbb",
                "piwik",
                "ppi",
                "puppet",
                "roundcube",
                "shopware",
                "silverstripe",
                "symfony",
                "typo3",
                "wordpress",
                "zend",
                "zikula"
            ],
            "time": "2014-08-18 20:00:12"
        },
        {
            "name": "wpackagist-plugin/wordpress-importer",
            "version": "dev-trunk",
            "source": {
                "type": "svn",
                "url": "http://plugins.svn.wordpress.org/wordpress-importer/",
                "reference": "trunk"
            },
            "dist": {
                "type": "zip",
                "url": "http://downloads.wordpress.org/plugin/wordpress-importer.zip",
                "reference": null,
                "shasum": null
            },
            "require": {
                "composer/installers": "~1.0"
            },
            "replace": {
                "wpackagist/wordpress-importer": "self.version"
            },
            "type": "wordpress-plugin",
            "homepage": "http://wordpress.org/plugins/wordpress-importer/",
            "time": "2014-10-16 07:46:46"
        }
    ],
    "packages-dev": [

    ],
    "aliases": [

    ],
    "minimum-stability": "stable",
    "stability-flags": {
        "wpackagist-plugin/wordpress-importer": 20
    },
    "prefer-stable": false,
    "platform": [

    ],
    "platform-dev": [

    ]
}
